
Microsoft Visual Studio Solution File, Format Version 12.00
# Visual Studio 2013
VisualStudioVersion = 12.0.31101.0
MinimumVisualStudioVersion = 10.0.40219.1
Project("{FAE04EC0-301F-11D3-BF4B-00C04F79EFBC}") = "Math Deviations", "Math Deviations.csproj", "{A63C031A-93C5-487C-9460-0490F9374FCE}"
EndProject
Global
	GlobalSection(SolutionConfigurationPlatforms) = preSolution
		Debug|Any CPU = Debug|Any CPU
		Release|Any CPU = Release|Any CPU
	EndGlobalSection
	GlobalSection(ProjectConfigurationPlatforms) = postSolution
		{A63C031A-93C5-487C-9460-0490F9374FCE}.Debug|Any CPU.ActiveCfg = Debug|Any CPU
		{A63C031A-93C5-487C-9460-0490F9374FCE}.Debug|Any CPU.Build.0 = Debug|Any CPU
		{A63C031A-93C5-487C-9460-0490F9374FCE}.Release|Any CPU.ActiveCfg = Release|Any CPU
		{A63C031A-93C5-487C-9460-0490F9374FCE}.Release|Any CPU.Build.0 = Release|Any CPU
	EndGlobalSection
	GlobalSection(SolutionProperties) = preSolution
		HideSolutionNode = FALSE
	EndGlobalSection
EndGlobal
